// !$*UTF8*$!
{
	archiveVersion = 1;
	classes = {
	};
	objectVersion = 50;
	objects = {

/* Begin PBXBuildFile section */
		EDAA5EC426826CDF00CDB76F /* AppDelegate.m in Sources */ = {isa = PBXBuildFile; fileRef = EDAA5EC326826CDF00CDB76F /* AppDelegate.m */; };
		EDAA5EC726826CDF00CDB76F /* SceneDelegate.m in Sources */ = {isa = PBXBuildFile; fileRef = EDAA5EC626826CDF00CDB76F /* SceneDelegate.m */; };
		EDAA5ECD26826CDF00CDB76F /* Main.storyboard in Resources */ = {isa = PBXBuildFile; fileRef = EDAA5ECB26826CDF00CDB76F /* Main.storyboard */; };
		EDAA5ECF26826CE100CDB76F /* Assets.xcassets in Resources */ = {isa = PBXBuildFile; fileRef = EDAA5ECE26826CE100CDB76F /* Assets.xcassets */; };
		EDAA5ED226826CE100CDB76F /* LaunchScreen.storyboard in Resources */ = {isa = PBXBuildFile; fileRef = EDAA5ED026826CE100CDB76F /* LaunchScreen.storyboard */; };
		EDAA5ED526826CE100CDB76F /* main.m in Sources */ = {isa = PBXBuildFile; fileRef = EDAA5ED426826CE100CDB76F /* main.m */; };
		EDAA5EDF26826CE100CDB76F /* Tip_CalculatorTests.m in Sources */ = {isa = PBXBuildFile; fileRef = EDAA5EDE26826CE100CDB76F /* Tip_CalculatorTests.m */; };
		EDAA5EEA26826CE100CDB76F /* Tip_CalculatorUITests.m in Sources */ = {isa = PBXBuildFile; fileRef = EDAA5EE926826CE100CDB76F /* Tip_CalculatorUITests.m */; };
		EDAA5EF9268275AB00CDB76F /* TipViewController.m in Sources */ = {isa = PBXBuildFile; fileRef = EDAA5EF8268275AB00CDB76F /* TipViewController.m */; };
/* End PBXBuildFile section */

/* Begin PBXContainerItemProxy section */
		EDAA5EDB26826CE100CDB76F /* PBXContainerItemProxy */ = {
			isa = PBXContainerItemProxy;
			containerPortal = EDAA5EB726826CDF00CDB76F /* Project object */;
			proxyType = 1;
			remoteGlobalIDString = EDAA5EBE26826CDF00CDB76F;
			remoteInfo = "Tip Calculator";
		};
		EDAA5EE626826CE100CDB76F /* PBXContainerItemProxy */ = {
			isa = PBXContainerItemProxy;
			containerPortal = EDAA5EB726826CDF00CDB76F /* Project object */;
			proxyType = 1;
			remoteGlobalIDString = EDAA5EBE26826CDF00CDB76F;
			remoteInfo = "Tip Calculator";
		};
/* End PBXContainerItemProxy section */

/* Begin PBXFileReference section */
		EDAA5EBF26826CDF00CDB76F /* Tip Calculator.app */ = {isa = PBXFileReference; explicitFileType = wrapper.application; includeInIndex = 0; path = "Tip Calculator.app"; sourceTree = BUILT_PRODUCTS_DIR; };
		EDAA5EC226826CDF00CDB76F /* AppDelegate.h */ = {isa = PBXFileReference; lastKnownFileType = sourcecode.c.h; path = AppDelegate.h; sourceTree = "<group>"; };
		EDAA5EC326826CDF00CDB76F /* AppDelegate.m */ = {isa = PBXFileReference; lastKnownFileType = sourcecode.c.objc; path = AppDelegate.m; sourceTree = "<group>"; };
		EDAA5EC526826CDF00CDB76F /* SceneDelegate.h */ = {isa = PBXFileReference; lastKnownFileType = sourcecode.c.h; path = SceneDelegate.h; sourceTree = "<group>"; };
		EDAA5EC626826CDF00CDB76F /* SceneDelegate.m */ = {isa = PBXFileReference; lastKnownFileType = sourcecode.c.objc; path = SceneDelegate.m; sourceTree = "<group>"; };
		EDAA5ECC26826CDF00CDB76F /* Base */ = {isa = PBXFileReference; lastKnownFileType = file.storyboard; name = Base; path = Base.lproj/Main.storyboard; sourceTree = "<group>"; };
		EDAA5ECE26826CE100CDB76F /* Assets.xcassets */ = {isa = PBXFileReference; lastKnownFileType = folder.assetcatalog; path = Assets.xcassets; sourceTree = "<group>"; };
		EDAA5ED126826CE100CDB76F /* Base */ = {isa = PBXFileReference; lastKnownFileType = file.storyboard; name = Base; path = Base.lproj/LaunchScreen.storyboard; sourceTree = "<group>"; };
		EDAA5ED326826CE100CDB76F /* Info.plist */ = {isa = PBXFileReference; lastKnownFileType = text.plist.xml; path = Info.plist; sourceTree = "<group>"; };
		EDAA5ED426826CE100CDB76F /* main.m */ = {isa = PBXFileReference; lastKnownFileType = sourcecode.c.objc; path = main.m; sourceTree = "<group>"; };
		EDAA5EDA26826CE100CDB76F /* Tip CalculatorTests.xctest */ = {isa = PBXFileReference; explicitFileType = wrapper.cfbundle; includeInIndex = 0; path = "Tip CalculatorTests.xctest"; sourceTree = BUILT_PRODUCTS_DIR; };
		EDAA5EDE26826CE100CDB76F /* Tip_CalculatorTests.m */ = {isa = PBXFileReference; lastKnownFileType = sourcecode.c.objc; path = Tip_CalculatorTests.m; sourceTree = "<group>"; };
		EDAA5EE026826CE100CDB76F /* Info.plist */ = {isa = PBXFileReference; lastKnownFileType = text.plist.xml; path = Info.plist; sourceTree = "<group>"; };
		EDAA5EE526826CE100CDB76F /* Tip CalculatorUITests.xctest */ = {isa = PBXFileReference; explicitFileType = wrapper.cfbundle; includeInIndex = 0; path = "Tip CalculatorUITests.xctest"; sourceTree = BUILT_PRODUCTS_DIR; };
		EDAA5EE926826CE100CDB76F /* Tip_CalculatorUITests.m */ = {isa = PBXFileReference; lastKnownFileType = sourcecode.c.objc; path = Tip_CalculatorUITests.m; sourceTree = "<group>"; };
		EDAA5EEB26826CE100CDB76F /* Info.plist */ = {isa = PBXFileReference; lastKnownFileType = text.plist.xml; path = Info.plist; sourceTree = "<group>"; };
		EDAA5EF7268275AB00CDB76F /* TipViewController.h */ = {isa = PBXFileReference; lastKnownFileType = sourcecode.c.h; path = TipViewController.h; sourceTree = "<group>"; };
		EDAA5EF8268275AB00CDB76F /* TipViewController.m */ = {isa = PBXFileReference; lastKnownFileType = sourcecode.c.objc; path = TipViewController.m; sourceTree = "<group>"; };
/* End PBXFileReference section */

/* Begin PBXFrameworksBuildPhase section */
		EDAA5EBC26826CDF00CDB76F /* Frameworks */ = {
			isa = PBXFrameworksBuildPhase;
			buildActionMask = 2147483647;
			files = (
			);
			runOnlyForDeploymentPostprocessing = 0;
		};
		EDAA5ED726826CE100CDB76F /* Frameworks */ = {
			isa = PBXFrameworksBuildPhase;
			buildActionMask = 2147483647;
			files = (
			);
			runOnlyForDeploymentPostprocessing = 0;
		};
		EDAA5EE226826CE100CDB76F /* Frameworks */ = {
			isa = PBXFrameworksBuildPhase;
			buildActionMask = 2147483647;
			files = (
			);
			runOnlyForDeploymentPostprocessing = 0;
		};
/* End PBXFrameworksBuildPhase section */

/* Begin PBXGroup section */
		EDAA5EB626826CDF00CDB76F = {
			isa = PBXGroup;
			children = (
				EDAA5EC126826CDF00CDB76F /* Tip Calculator */,
				EDAA5EDD26826CE100CDB76F /* Tip CalculatorTests */,
				EDAA5EE826826CE100CDB76F /* Tip CalculatorUITests */,
				EDAA5EC026826CDF00CDB76F /* Products */,
			);
			sourceTree = "<group>";
		};
		EDAA5EC026826CDF00CDB76F /* Products */ = {
			isa = PBXGroup;
			children = (
				EDAA5EBF26826CDF00CDB76F /* Tip Calculator.app */,
				EDAA5EDA26826CE100CDB76F /* Tip CalculatorTests.xctest */,
				EDAA5EE526826CE100CDB76F /* Tip CalculatorUITests.xctest */,
			);
			name = Products;
			sourceTree = "<group>";
		};
		EDAA5EC126826CDF00CDB76F /* Tip Calculator */ = {
			isa = PBXGroup;
			children = (
				EDAA5EC226826CDF00CDB76F /* AppDelegate.h */,
				EDAA5EC326826CDF00CDB76F /* AppDelegate.m */,
				EDAA5EC526826CDF00CDB76F /* SceneDelegate.h */,
				EDAA5EC626826CDF00CDB76F /* SceneDelegate.m */,
				EDAA5ECB26826CDF00CDB76F /* Main.storyboard */,
				EDAA5EF7268275AB00CDB76F /* TipViewController.h */,
				EDAA5EF8268275AB00CDB76F /* TipViewController.m */,
				EDAA5ECE26826CE100CDB76F /* Assets.xcassets */,
				EDAA5ED026826CE100CDB76F /* LaunchScreen.storyboard */,
				EDAA5ED326826CE100CDB76F /* Info.plist */,
				EDAA5ED426826CE100CDB76F /* main.m */,
			);
			path = "Tip Calculator";
			sourceTree = "<group>";
		};
		EDAA5EDD26826CE100CDB76F /* Tip CalculatorTests */ = {
			isa = PBXGroup;
			children = (
				EDAA5EDE26826CE100CDB76F /* Tip_CalculatorTests.m */,
				EDAA5EE026826CE100CDB76F /* Info.plist */,
			);
			path = "Tip CalculatorTests";
			sourceTree = "<group>";
		};
		EDAA5EE826826CE100CDB76F /* Tip CalculatorUITests */ = {
			isa = PBXGroup;
			children = (
				EDAA5EE926826CE100CDB76F /* Tip_CalculatorUITests.m */,
				EDAA5EEB26826CE100CDB76F /* Info.plist */,
			);
			path = "Tip CalculatorUITests";
			sourceTree = "<group>";
		};
/* End PBXGroup section */

/* Begin PBXNativeTarget section */
		EDAA5EBE26826CDF00CDB76F /* Tip Calculator */ = {
			isa = PBXNativeTarget;
			buildConfigurationList = EDAA5EEE26826CE100CDB76F /* Build configuration list for PBXNativeTarget "Tip Calculator" */;
			buildPhases = (
				EDAA5EBB26826CDF00CDB76F /* Sources */,
				EDAA5EBC26826CDF00CDB76F /* Frameworks */,
				EDAA5EBD26826CDF00CDB76F /* Resources */,
			);
			buildRules = (
			);
			dependencies = (
			);
			name = "Tip Calculator";
			productName = "Tip Calculator";
			productReference = EDAA5EBF26826CDF00CDB76F /* Tip Calculator.app */;
			productType = "com.apple.product-type.application";
		};
		EDAA5ED926826CE100CDB76F /* Tip CalculatorTests */ = {
			isa = PBXNativeTarget;
			buildConfigurationList = EDAA5EF126826CE100CDB76F /* Build configuration list for PBXNativeTarget "Tip CalculatorTests" */;
			buildPhases = (
				EDAA5ED626826CE100CDB76F /* Sources */,
				EDAA5ED726826CE100CDB76F /* Frameworks */,
				EDAA5ED826826CE100CDB76F /* Resources */,
			);
			buildRules = (
			);
			dependencies = (
				EDAA5EDC26826CE100CDB76F /* PBXTargetDependency */,
			);
			name = "Tip CalculatorTests";
			productName = "Tip CalculatorTests";
			productReference = EDAA5EDA26826CE100CDB76F /* Tip CalculatorTests.xctest */;
			productType = "com.apple.product-type.bundle.unit-test";
		};
		EDAA5EE426826CE100CDB76F /* Tip CalculatorUITests */ = {
			isa = PBXNativeTarget;
			buildConfigurationList = EDAA5EF426826CE100CDB76F /* Build configuration list for PBXNativeTarget "Tip CalculatorUITests" */;
			buildPhases = (
				EDAA5EE126826CE100CDB76F /* Sources */,
				EDAA5EE226826CE100CDB76F /* Frameworks */,
				EDAA5EE326826CE100CDB76F /* Resources */,
			);
			buildRules = (
			);
			dependencies = (
				EDAA5EE726826CE100CDB76F /* PBXTargetDependency */,
			);
			name = "Tip CalculatorUITests";
			productName = "Tip CalculatorUITests";
			productReference = EDAA5EE526826CE100CDB76F /* Tip CalculatorUITests.xctest */;
			productType = "com.apple.product-type.bundle.ui-testing";
		};
/* End PBXNativeTarget section */

/* Begin PBXProject section */
		EDAA5EB726826CDF00CDB76F /* Project object */ = {
			isa = PBXProject;
			attributes = {
				LastUpgradeCheck = 1250;
				TargetAttributes = {
					EDAA5EBE26826CDF00CDB76F = {
						CreatedOnToolsVersion = 12.5.1;
					};
					EDAA5ED926826CE100CDB76F = {
						CreatedOnToolsVersion = 12.5.1;
						TestTargetID = EDAA5EBE26826CDF00CDB76F;
					};
					EDAA5EE426826CE100CDB76F = {
						CreatedOnToolsVersion = 12.5.1;
						TestTargetID = EDAA5EBE26826CDF00CDB76F;
					};
				};
			};
			buildConfigurationList = EDAA5EBA26826CDF00CDB76F /* Build configuration list for PBXProject "Tip Calculator" */;
			compatibilityVersion = "Xcode 9.3";
			developmentRegion = en;
			hasScannedForEncodings = 0;
			knownRegions = (
				en,
				Base,
			);
			mainGroup = EDAA5EB626826CDF00CDB76F;
			productRefGroup = EDAA5EC026826CDF00CDB76F /* Products */;
			projectDirPath = "";
			projectRoot = "";
			targets = (
				EDAA5EBE26826CDF00CDB76F /* Tip Calculator */,
				EDAA5ED926826CE100CDB76F /* Tip CalculatorTests */,
				EDAA5EE426826CE100CDB76F /* Tip CalculatorUITests */,
			);
		};
/* End PBXProject section */

/* Begin PBXResourcesBuildPhase section */
		EDAA5EBD26826CDF00CDB76F /* Resources */ = {
			isa = PBXResourcesBuildPhase;
			buildActionMask = 2147483647;
			files = (
				EDAA5ED226826CE100CDB76F /* LaunchScreen.storyboard in Resources */,
				EDAA5ECF26826CE100CDB76F /* Assets.xcassets in Resources */,
				EDAA5ECD26826CDF00CDB76F /* Main.storyboard in Resources */,
			);
			runOnlyForDeploymentPostprocessing = 0;
		};
		EDAA5ED826826CE100CDB76F /* Resources */ = {
			isa = PBXResourcesBuildPhase;
			buildActionMask = 2147483647;
			files = (
			);
			runOnlyForDeploymentPostprocessing = 0;
		};
		EDAA5EE326826CE100CDB76F /* Resources */ = {
			isa = PBXResourcesBuildPhase;
			buildActionMask = 2147483647;
			files = (
			);
			runOnlyForDeploymentPostprocessing = 0;
		};
/* End PBXResourcesBuildPhase section */

/* Begin PBXSourcesBuildPhase section */
		EDAA5EBB26826CDF00CDB76F /* Sources */ = {
			isa = PBXSourcesBuildPhase;
			buildActionMask = 2147483647;
			files = (
				EDAA5EC426826CDF00CDB76F /* AppDelegate.m in Sources */,
				EDAA5ED526826CE100CDB76F /* main.m in Sources */,
				EDAA5EF9268275AB00CDB76F /* TipViewController.m in Sources */,
				EDAA5EC726826CDF00CDB76F /* SceneDelegate.m in Sources */,
			);
			runOnlyForDeploymentPostprocessing = 0;
		};
		EDAA5ED626826CE100CDB76F /* Sources */ = {
			isa = PBXSourcesBuildPhase;
			buildActionMask = 2147483647;
			files = (
				EDAA5EDF26826CE100CDB76F /* Tip_CalculatorTests.m in Sources */,
			);
			runOnlyForDeploymentPostprocessing = 0;
		};
		EDAA5EE126826CE100CDB76F /* Sources */ = {
			isa = PBXSourcesBuildPhase;
			buildActionMask = 2147483647;
			files = (
				EDAA5EEA26826CE100CDB76F /* Tip_CalculatorUITests.m in Sources */,
			);
			runOnlyForDeploymentPostprocessing = 0;
		};
/* End PBXSourcesBuildPhase section */

/* Begin PBXTargetDependency section */
		EDAA5EDC26826CE100CDB76F /* PBXTargetDependency */ = {
			isa = PBXTargetDependency;
			target = EDAA5EBE26826CDF00CDB76F /* Tip Calculator */;
			targetProxy = EDAA5EDB26826CE100CDB76F /* PBXContainerItemProxy */;
		};
		EDAA5EE726826CE100CDB76F /* PBXTargetDependency */ = {
			isa = PBXTargetDependency;
			target = EDAA5EBE26826CDF00CDB76F /* Tip Calculator */;
			targetProxy = EDAA5EE626826CE100CDB76F /* PBXContainerItemProxy */;
		};
/* End PBXTargetDependency section */

/* Begin PBXVariantGroup section */
		EDAA5ECB26826CDF00CDB76F /* Main.storyboard */ = {
			isa = PBXVariantGroup;
			children = (
				EDAA5ECC26826CDF00CDB76F /* Base */,
			);
			name = Main.storyboard;
			sourceTree = "<group>";
		};
		EDAA5ED026826CE100CDB76F /* LaunchScreen.storyboard */ = {
			isa = PBXVariantGroup;
			children = (
				EDAA5ED126826CE100CDB76F /* Base */,
			);
			name = LaunchScreen.storyboard;
			sourceTree = "<group>";
		};
/* End PBXVariantGroup section */

/* Begin XCBuildConfiguration section */
		EDAA5EEC26826CE100CDB76F /* Debug */ = {
			isa = XCBuildConfiguration;
			buildSettings = {
				ALWAYS_SEARCH_USER_PATHS = NO;
				CLANG_ANALYZER_NONNULL = YES;
				CLANG_ANALYZER_NUMBER_OBJECT_CONVERSION = YES_AGGRESSIVE;
				CLANG_CXX_LANGUAGE_STANDARD = "gnu++14";
				CLANG_CXX_LIBRARY = "libc++";
				CLANG_ENABLE_MODULES = YES;
				CLANG_ENABLE_OBJC_ARC = YES;
				CLANG_ENABLE_OBJC_WEAK = YES;
				CLANG_WARN_BLOCK_CAPTURE_AUTORELEASING = YES;
				CLANG_WARN_BOOL_CONVERSION = YES;
				CLANG_WARN_COMMA = YES;
				CLANG_WARN_CONSTANT_CONVERSION = YES;
				CLANG_WARN_DEPRECATED_OBJC_IMPLEMENTATIONS = YES;
				CLANG_WARN_DIRECT_OBJC_ISA_USAGE = YES_ERROR;
				CLANG_WARN_DOCUMENTATION_COMMENTS = YES;
				CLANG_WARN_EMPTY_BODY = YES;
				CLANG_WARN_ENUM_CONVERSION = YES;
				CLANG_WARN_INFINITE_RECURSION = YES;
				CLANG_WARN_INT_CONVERSION = YES;
				CLANG_WARN_NON_LITERAL_NULL_CONVERSION = YES;
				CLANG_WARN_OBJC_IMPLICIT_RETAIN_SELF = YES;
				CLANG_WARN_OBJC_LITERAL_CONVERSION = YES;
				CLANG_WARN_OBJC_ROOT_CLASS = YES_ERROR;
				CLANG_WARN_QUOTED_INCLUDE_IN_FRAMEWORK_HEADER = YES;
				CLANG_WARN_RANGE_LOOP_ANALYSIS = YES;
				CLANG_WARN_STRICT_PROTOTYPES = YES;
				CLANG_WARN_SUSPICIOUS_MOVE = YES;
				CLANG_WARN_UNGUARDED_AVAILABILITY = YES_AGGRESSIVE;
				CLANG_WARN_UNREACHABLE_CODE = YES;
				CLANG_WARN__DUPLICATE_METHOD_MATCH = YES;
				COPY_PHASE_STRIP = NO;
				DEBUG_INFORMATION_FORMAT = dwarf;
				ENABLE_STRICT_OBJC_MSGSEND = YES;
				ENABLE_TESTABILITY = YES;
				GCC_C_LANGUAGE_STANDARD = gnu11;
				GCC_DYNAMIC_NO_PIC = NO;
				GCC_NO_COMMON_BLOCKS = YES;
				GCC_OPTIMIZATION_LEVEL = 0;
				GCC_PREPROCESSOR_DEFINITIONS = (
					"DEBUG=1",
					"$(inherited)",
				);
				GCC_WARN_64_TO_32_BIT_CONVERSION = YES;
				GCC_WARN_ABOUT_RETURN_TYPE = YES_ERROR;
				GCC_WARN_UNDECLARED_SELECTOR = YES;
				GCC_WARN_UNINITIALIZED_AUTOS = YES_AGGRESSIVE;
				GCC_WARN_UNUSED_FUNCTION = YES;
				GCC_WARN_UNUSED_VARIABLE = YES;
				IPHONEOS_DEPLOYMENT_TARGET = 14.5;
				MTL_ENABLE_DEBUG_INFO = INCLUDE_SOURCE;
				MTL_FAST_MATH = YES;
				ONLY_ACTIVE_ARCH = YES;
				SDKROOT = iphoneos;
			};
			name = Debug;
		};
		EDAA5EED26826CE100CDB76F /* Release */ = {
			isa = XCBuildConfiguration;
			buildSettings = {
				ALWAYS_SEARCH_USER_PATHS = NO;
				CLANG_ANALYZER_NONNULL = YES;
				CLANG_ANALYZER_NUMBER_OBJECT_CONVERSION = YES_AGGRESSIVE;
				CLANG_CXX_LANGUAGE_STANDARD = "gnu++14";
				CLANG_CXX_LIBRARY = "libc++";
				CLANG_ENABLE_MODULES = YES;
				CLANG_ENABLE_OBJC_ARC = YES;
				CLANG_ENABLE_OBJC_WEAK = YES;
				CLANG_WARN_BLOCK_CAPTURE_AUTORELEASING = YES;
				CLANG_WARN_BOOL_CONVERSION = YES;
				CLANG_WARN_COMMA = YES;
				CLANG_WARN_CONSTANT_CONVERSION = YES;
				CLANG_WARN_DEPRECATED_OBJC_IMPLEMENTATIONS = YES;
				CLANG_WARN_DIRECT_OBJC_ISA_USAGE = YES_ERROR;
				CLANG_WARN_DOCUMENTATION_COMMENTS = YES;
				CLANG_WARN_EMPTY_BODY = YES;
				CLANG_WARN_ENUM_CONVERSION = YES;
				CLANG_WARN_INFINITE_RECURSION = YES;
				CLANG_WARN_INT_CONVERSION = YES;
				CLANG_WARN_NON_LITERAL_NULL_CONVERSION = YES;
				CLANG_WARN_OBJC_IMPLICIT_RETAIN_SELF = YES;
				CLANG_WARN_OBJC_LITERAL_CONVERSION = YES;
				CLANG_WARN_OBJC_ROOT_CLASS = YES_ERROR;
				CLANG_WARN_QUOTED_INCLUDE_IN_FRAMEWORK_HEADER = YES;
				CLANG_WARN_RANGE_LOOP_ANALYSIS = YES;
				CLANG_WARN_STRICT_PROTOTYPES = YES;
				CLANG_WARN_SUSPICIOUS_MOVE = YES;
				CLANG_WARN_UNGUARDED_AVAILABILITY = YES_AGGRESSIVE;
				CLANG_WARN_UNREACHABLE_CODE = YES;
				CLANG_WARN__DUPLICATE_METHOD_MATCH = YES;
				COPY_PHASE_STRIP = NO;
				DEBUG_INFORMATION_FORMAT = "dwarf-with-dsym";
				ENABLE_NS_ASSERTIONS = NO;
				ENABLE_STRICT_OBJC_MSGSEND = YES;
				GCC_C_LANGUAGE_STANDARD = gnu11;
				GCC_NO_COMMON_BLOCKS = YES;
				GCC_WARN_64_TO_32_BIT_CONVERSION = YES;
				GCC_WARN_ABOUT_RETURN_TYPE = YES_ERROR;
				GCC_WARN_UNDECLARED_SELECTOR = YES;
				GCC_WARN_UNINITIALIZED_AUTOS = YES_AGGRESSIVE;
				GCC_WARN_UNUSED_FUNCTION = YES;
				GCC_WARN_UNUSED_VARIABLE = YES;
				IPHONEOS_DEPLOYMENT_TARGET = 14.5;
				MTL_ENABLE_DEBUG_INFO = NO;
				MTL_FAST_MATH = YES;
				SDKROOT = iphoneos;
				VALIDATE_PRODUCT = YES;
			};
			name = Release;
		};
		EDAA5EEF26826CE100CDB76F /* Debug */ = {
			isa = XCBuildConfiguration;
			buildSettings = {
				ASSETCATALOG_COMPILER_APPICON_NAME = AppIcon;
				ASSETCATALOG_COMPILER_GLOBAL_ACCENT_COLOR_NAME = AccentColor;
				CODE_SIGN_STYLE = Automatic;
				DEVELOPMENT_TEAM = RFMYJSBY95;
				INFOPLIST_FILE = "Tip Calculator/Info.plist";
				LD_RUNPATH_SEARCH_PATHS = (
					"$(inherited)",
					"@executable_path/Frameworks",
				);
				PRODUCT_BUNDLE_IDENTIFIER = "com.jzhang7.Tip-Calculator";
				PRODUCT_NAME = "$(TARGET_NAME)";
				TARGETED_DEVICE_FAMILY = "1,2";
			};
			name = Debug;
		};
		EDAA5EF026826CE100CDB76F /* Release */ = {
			isa = XCBuildConfiguration;
			buildSettings = {
				ASSETCATALOG_COMPILER_APPICON_NAME = AppIcon;
				ASSETCATALOG_COMPILER_GLOBAL_ACCENT_COLOR_NAME = AccentColor;
				CODE_SIGN_STYLE = Automatic;
				DEVELOPMENT_TEAM = RFMYJSBY95;
				INFOPLIST_FILE = "Tip Calculator/Info.plist";
				LD_RUNPATH_SEARCH_PATHS = (
					"$(inherited)",
					"@executable_path/Frameworks",
				);
				PRODUCT_BUNDLE_IDENTIFIER = "com.jzhang7.Tip-Calculator";
				PRODUCT_NAME = "$(TARGET_NAME)";
				TARGETED_DEVICE_FAMILY = "1,2";
			};
			name = Release;
		};
		EDAA5EF226826CE100CDB76F /* Debug */ = {
			isa = XCBuildConfiguration;
			buildSettings = {
				BUNDLE_LOADER = "$(TEST_HOST)";
				CODE_SIGN_STYLE = Automatic;
				DEVELOPMENT_TEAM = RFMYJSBY95;
				INFOPLIST_FILE = "Tip CalculatorTests/Info.plist";
				IPHONEOS_DEPLOYMENT_TARGET = 14.5;
				LD_RUNPATH_SEARCH_PATHS = (
					"$(inherited)",
					"@executable_path/Frameworks",
					"@loader_path/Frameworks",
				);
				PRODUCT_BUNDLE_IDENTIFIER = "com.jzhang7.Tip-CalculatorTests";
				PRODUCT_NAME = "$(TARGET_NAME)";
				TARGETED_DEVICE_FAMILY = "1,2";
				TEST_HOST = "$(BUILT_PRODUCTS_DIR)/Tip Calculator.app/Tip Calculator";
			};
			name = Debug;
		};
		EDAA5EF326826CE100CDB76F /* Release */ = {
			isa = XCBuildConfiguration;
			buildSettings = {
				BUNDLE_LOADER = "$(TEST_HOST)";
				CODE_SIGN_STYLE = Automatic;
				DEVELOPMENT_TEAM = RFMYJSBY95;
				INFOPLIST_FILE = "Tip CalculatorTests/Info.plist";
				IPHONEOS_DEPLOYMENT_TARGET = 14.5;
				LD_RUNPATH_SEARCH_PATHS = (
					"$(inherited)",
					"@executable_path/Frameworks",
					"@loader_path/Frameworks",
				);
				PRODUCT_BUNDLE_IDENTIFIER = "com.jzhang7.Tip-CalculatorTests";
				PRODUCT_NAME = "$(TARGET_NAME)";
				TARGETED_DEVICE_FAMILY = "1,2";
				TEST_HOST = "$(BUILT_PRODUCTS_DIR)/Tip Calculator.app/Tip Calculator";
			};
			name = Release;
		};
		EDAA5EF526826CE100CDB76F /* Debug */ = {
			isa = XCBuildConfiguration;
			buildSettings = {
				CODE_SIGN_STYLE = Automatic;
				DEVELOPMENT_TEAM = RFMYJSBY95;
				INFOPLIST_FILE = "Tip CalculatorUITests/Info.plist";
				LD_RUNPATH_SEARCH_PATHS = (
					"$(inherited)",
					"@executable_path/Frameworks",
					"@loader_path/Frameworks",
				);
				PRODUCT_BUNDLE_IDENTIFIER = "com.jzhang7.Tip-CalculatorUITests";
				PRODUCT_NAME = "$(TARGET_NAME)";
				TARGETED_DEVICE_FAMILY = "1,2";
				TEST_TARGET_NAME = "Tip Calculator";
			};
			name = Debug;
		};
		EDAA5EF626826CE100CDB76F /* Release */ = {
			isa = XCBuildConfiguration;
			buildSettings = {
				CODE_SIGN_STYLE = Automatic;
				DEVELOPMENT_TEAM = RFMYJSBY95;
				INFOPLIST_FILE = "Tip CalculatorUITests/Info.plist";
				LD_RUNPATH_SEARCH_PATHS = (
					"$(inherited)",
					"@executable_path/Frameworks",
					"@loader_path/Frameworks",
				);
				PRODUCT_BUNDLE_IDENTIFIER = "com.jzhang7.Tip-CalculatorUITests";
				PRODUCT_NAME = "$(TARGET_NAME)";
				TARGETED_DEVICE_FAMILY = "1,2";
				TEST_TARGET_NAME = "Tip Calculator";
			};
			name = Release;
		};
/* End XCBuildConfiguration section */

/* Begin XCConfigurationList section */
		EDAA5EBA26826CDF00CDB76F /* Build configuration list for PBXProject "Tip Calculator" */ = {
			isa = XCConfigurationList;
			buildConfigurations = (
				EDAA5EEC26826CE100CDB76F /* Debug */,
				EDAA5EED26826CE100CDB76F /* Release */,
			);
			defaultConfigurationIsVisible = 0;
			defaultConfigurationName = Release;
		};
		EDAA5EEE26826CE100CDB76F /* Build configuration list for PBXNativeTarget "Tip Calculator" */ = {
			isa = XCConfigurationList;
			buildConfigurations = (
				EDAA5EEF26826CE100CDB76F /* Debug */,
				EDAA5EF026826CE100CDB76F /* Release */,
			);
			defaultConfigurationIsVisible = 0;
			defaultConfigurationName = Release;
		};
		EDAA5EF126826CE100CDB76F /* Build configuration list for PBXNativeTarget "Tip CalculatorTests" */ = {
			isa = XCConfigurationList;
			buildConfigurations = (
				EDAA5EF226826CE100CDB76F /* Debug */,
				EDAA5EF326826CE100CDB76F /* Release */,
			);
			defaultConfigurationIsVisible = 0;
			defaultConfigurationName = Release;
		};
		EDAA5EF426826CE100CDB76F /* Build configuration list for PBXNativeTarget "Tip CalculatorUITests" */ = {
			isa = XCConfigurationList;
			buildConfigurations = (
				EDAA5EF526826CE100CDB76F /* Debug */,
				EDAA5EF626826CE100CDB76F /* Release */,
			);
			defaultConfigurationIsVisible = 0;
			defaultConfigurationName = Release;
		};
/* End XCConfigurationList section */
	};
	rootObject = EDAA5EB726826CDF00CDB76F /* Project object */;
}
